{
  "name": "embeddedterminal",
  "version": "0.0.1",
  "lockfileVersion": 1,
  "requires": true,
  "dependencies": {
    "node-pty": {
      "version": "0.7.4",
      "resolved": "https://registry.npmjs.org/node-pty/-/node-pty-0.7.4.tgz",
      "integrity": "sha512-WxMY1BsGcHJ2Z2qWpYL7QbfOSnkkCzV0H/9+dJ7uQEIJyz0A4fVBLymswBCTc7RoweY5ingib2gNvf87KvJxuA==",
      "requires": {
        "nan": "2.8.0"
      },
      "dependencies": {
        "nan": {
          "version": "2.8.0",
          "resolved": "https://registry.npmjs.org/nan/-/nan-2.8.0.tgz",
          "integrity": "sha1-7XFfP+neArV6XmJS2QqWZ14fCFo="
        }
      }
    },
    "requirejs": {
      "version": "2.3.5",
      "resolved": "https://registry.npmjs.org/requirejs/-/requirejs-2.3.5.tgz",
      "integrity": "sha512-svnO+aNcR/an9Dpi44C7KSAy5fFGLtmPbaaCeQaklUz8BQhS64tWWIIlvEA5jrWICzlO/X9KSzSeXFnZdBu8nw=="
    },
    "systemjs": {
      "version": "0.21.0",
      "resolved": "https://registry.npmjs.org/systemjs/-/systemjs-0.21.0.tgz",
      "integrity": "sha512-Ly/H3MUDaxl5OzMJ/loGFLWPao0h6WHcN6LHlI2HdsTJfZY9sYyn5B2SDnifuBlOUFlTr65rLAP+vSAXDsxOtg=="
    },
    "vscode-jsonrpc": {
      "version": "3.5.0",
      "resolved": "https://registry.npmjs.org/vscode-jsonrpc/-/vscode-jsonrpc-3.5.0.tgz",
      "integrity": "sha1-hyOdnhZrLXNSJFuKgTWXgEwdY6o="
    },
    "xterm": {
      "version": "3.1.0",
      "resolved": "https://registry.npmjs.org/xterm/-/xterm-3.1.0.tgz",
      "integrity": "sha512-xv4QQQAu8PjAPZE7m0h+i9X9z3vR82wPe0H3g4D9CbyDuQDNt1e+lxeTrkLwuMH3jcxqfHayu3Mu+iyQh62ECg=="
    }
  }
}
