{
  "name": "embeddedterminal",
  "version": "0.0.1",
  "lockfileVersion": 1,
  "requires": true,
  "dependencies": {
    "nan": {
      "version": "2.5.0",
      "resolved": "https://registry.npmjs.org/nan/-/nan-2.5.0.tgz",
      "integrity": "sha1-qo8eNFMdgH6eJ3VbI0tKbsDBUqg="
    },
    "node-pty": {
      "version": "0.6.10",
      "resolved": "https://registry.npmjs.org/node-pty/-/node-pty-0.6.10.tgz",
      "integrity": "sha1-t9NVuyAC0W4Uw8NT5YxI9+4TGmc=",
      "requires": {
        "nan": "2.5.0"
      }
    },
    "xterm": {
      "version": "2.8.1",
      "resolved": "https://registry.npmjs.org/xterm/-/xterm-2.8.1.tgz",
      "integrity": "sha512-AuqLOWpprmhSe4TcGE6Gh2uwkR0wUC95V0Q736OFUmG+84W+w+g6RzcgVhrbOTo/Fzcq9i0TRR5nYksRt2DSIQ=="
    }
  }
}
